{
  "requires": true,
  "lockfileVersion": 1,
  "dependencies": {
    "react-parallax": {
      "version": "3.0.3",
      "resolved": "https://registry.npmjs.org/react-parallax/-/react-parallax-3.0.3.tgz",
      "integrity": "sha512-kdoMjg5B9nQFh3mTFrnzkr7AoG89L/tq1c98ho3g+11UwfeYePji9D3oeqN/oDtJemWKypnB8OYrzQ/BTazrNA=="
    }
  }
}
